// !$*UTF8*$!
{
	archiveVersion = 1;
	classes = {
	};
	objectVersion = 56;
	objects = {

/* Begin PBXBuildFile section */
		FCBE81992965CBF200DE47BF /* AppDelegate.swift in Sources */ = {isa = PBXBuildFile; fileRef = FCBE81982965CBF200DE47BF /* AppDelegate.swift */; };
		FCBE819B2965CBF200DE47BF /* SceneDelegate.swift in Sources */ = {isa = PBXBuildFile; fileRef = FCBE819A2965CBF200DE47BF /* SceneDelegate.swift */; };
		FCBE819D2965CBF200DE47BF /* ViewController.swift in Sources */ = {isa = PBXBuildFile; fileRef = FCBE819C2965CBF200DE47BF /* ViewController.swift */; };
		FCBE81A02965CBF200DE47BF /* Main.storyboard in Resources */ = {isa = PBXBuildFile; fileRef = FCBE819E2965CBF200DE47BF /* Main.storyboard */; };
		FCBE81A22965CBF400DE47BF /* Assets.xcassets in Resources */ = {isa = PBXBuildFile; fileRef = FCBE81A12965CBF400DE47BF /* Assets.xcassets */; };
		FCBE81A52965CBF400DE47BF /* LaunchScreen.storyboard in Resources */ = {isa = PBXBuildFile; fileRef = FCBE81A32965CBF400DE47BF /* LaunchScreen.storyboard */; };
		FCBE81AD29662B6B00DE47BF /* incorrecto.caf in Resources */ = {isa = PBXBuildFile; fileRef = FCBE81AC29662B6B00DE47BF /* incorrecto.caf */; };
		FCBE81AF29662B9D00DE47BF /* correcto.caf in Resources */ = {isa = PBXBuildFile; fileRef = FCBE81AE29662B9D00DE47BF /* correcto.caf */; };
/* End PBXBuildFile section */

/* Begin PBXFileReference section */
		FCBE81952965CBF200DE47BF /* ejercicio3Clase10.app */ = {isa = PBXFileReference; explicitFileType = wrapper.application; includeInIndex = 0; path = ejercicio3Clase10.app; sourceTree = BUILT_PRODUCTS_DIR; };
		FCBE81982965CBF200DE47BF /* AppDelegate.swift */ = {isa = PBXFileReference; lastKnownFileType = sourcecode.swift; path = AppDelegate.swift; sourceTree = "<group>"; };
		FCBE819A2965CBF200DE47BF /* SceneDelegate.swift */ = {isa = PBXFileReference; lastKnownFileType = sourcecode.swift; path = SceneDelegate.swift; sourceTree = "<group>"; };
		FCBE819C2965CBF200DE47BF /* ViewController.swift */ = {isa = PBXFileReference; lastKnownFileType = sourcecode.swift; path = ViewController.swift; sourceTree = "<group>"; };
		FCBE819F2965CBF200DE47BF /* Base */ = {isa = PBXFileReference; lastKnownFileType = file.storyboard; name = Base; path = Base.lproj/Main.storyboard; sourceTree = "<group>"; };
		FCBE81A12965CBF400DE47BF /* Assets.xcassets */ = {isa = PBXFileReference; lastKnownFileType = folder.assetcatalog; path = Assets.xcassets; sourceTree = "<group>"; };
		FCBE81A42965CBF400DE47BF /* Base */ = {isa = PBXFileReference; lastKnownFileType = file.storyboard; name = Base; path = Base.lproj/LaunchScreen.storyboard; sourceTree = "<group>"; };
		FCBE81A62965CBF400DE47BF /* Info.plist */ = {isa = PBXFileReference; lastKnownFileType = text.plist.xml; path = Info.plist; sourceTree = "<group>"; };
		FCBE81AC29662B6B00DE47BF /* incorrecto.caf */ = {isa = PBXFileReference; lastKnownFileType = file; path = incorrecto.caf; sourceTree = "<group>"; };
		FCBE81AE29662B9D00DE47BF /* correcto.caf */ = {isa = PBXFileReference; lastKnownFileType = file; path = correcto.caf; sourceTree = "<group>"; };
/* End PBXFileReference section */

/* Begin PBXFrameworksBuildPhase section */
		FCBE81922965CBF200DE47BF /* Frameworks */ = {
			isa = PBXFrameworksBuildPhase;
			buildActionMask = 2147483647;
			files = (
			);
			runOnlyForDeploymentPostprocessing = 0;
		};
/* End PBXFrameworksBuildPhase section */

/* Begin PBXGroup section */
		FCBE818C2965CBF200DE47BF = {
			isa = PBXGroup;
			children = (
				FCBE81972965CBF200DE47BF /* ejercicio3Clase10 */,
				FCBE81962965CBF200DE47BF /* Products */,
			);
			sourceTree = "<group>";
		};
		FCBE81962965CBF200DE47BF /* Products */ = {
			isa = PBXGroup;
			children = (
				FCBE81952965CBF200DE47BF /* ejercicio3Clase10.app */,
			);
			name = Products;
			sourceTree = "<group>";
		};
		FCBE81972965CBF200DE47BF /* ejercicio3Clase10 */ = {
			isa = PBXGroup;
			children = (
				FCBE81982965CBF200DE47BF /* AppDelegate.swift */,
				FCBE819A2965CBF200DE47BF /* SceneDelegate.swift */,
				FCBE819C2965CBF200DE47BF /* ViewController.swift */,
				FCBE819E2965CBF200DE47BF /* Main.storyboard */,
				FCBE81A12965CBF400DE47BF /* Assets.xcassets */,
				FCBE81A32965CBF400DE47BF /* LaunchScreen.storyboard */,
				FCBE81A62965CBF400DE47BF /* Info.plist */,
				FCBE81AC29662B6B00DE47BF /* incorrecto.caf */,
				FCBE81AE29662B9D00DE47BF /* correcto.caf */,
			);
			path = ejercicio3Clase10;
			sourceTree = "<group>";
		};
/* End PBXGroup section */

/* Begin PBXNativeTarget section */
		FCBE81942965CBF200DE47BF /* ejercicio3Clase10 */ = {
			isa = PBXNativeTarget;
			buildConfigurationList = FCBE81A92965CBF400DE47BF /* Build configuration list for PBXNativeTarget "ejercicio3Clase10" */;
			buildPhases = (
				FCBE81912965CBF200DE47BF /* Sources */,
				FCBE81922965CBF200DE47BF /* Frameworks */,
				FCBE81932965CBF200DE47BF /* Resources */,
			);
			buildRules = (
			);
			dependencies = (
			);
			name = ejercicio3Clase10;
			productName = ejercicio3Clase10;
			productReference = FCBE81952965CBF200DE47BF /* ejercicio3Clase10.app */;
			productType = "com.apple.product-type.application";
		};
/* End PBXNativeTarget section */

/* Begin PBXProject section */
		FCBE818D2965CBF200DE47BF /* Project object */ = {
			isa = PBXProject;
			attributes = {
				BuildIndependentTargetsInParallel = 1;
				LastSwiftUpdateCheck = 1410;
				LastUpgradeCheck = 1410;
				TargetAttributes = {
					FCBE81942965CBF200DE47BF = {
						CreatedOnToolsVersion = 14.1;
					};
				};
			};
			buildConfigurationList = FCBE81902965CBF200DE47BF /* Build configuration list for PBXProject "ejercicio3Clase10" */;
			compatibilityVersion = "Xcode 14.0";
			developmentRegion = en;
			hasScannedForEncodings = 0;
			knownRegions = (
				en,
				Base,
			);
			mainGroup = FCBE818C2965CBF200DE47BF;
			productRefGroup = FCBE81962965CBF200DE47BF /* Products */;
			projectDirPath = "";
			projectRoot = "";
			targets = (
				FCBE81942965CBF200DE47BF /* ejercicio3Clase10 */,
			);
		};
/* End PBXProject section */

/* Begin PBXResourcesBuildPhase section */
		FCBE81932965CBF200DE47BF /* Resources */ = {
			isa = PBXResourcesBuildPhase;
			buildActionMask = 2147483647;
			files = (
				FCBE81A52965CBF400DE47BF /* LaunchScreen.storyboard in Resources */,
				FCBE81A22965CBF400DE47BF /* Assets.xcassets in Resources */,
				FCBE81AF29662B9D00DE47BF /* correcto.caf in Resources */,
				FCBE81AD29662B6B00DE47BF /* incorrecto.caf in Resources */,
				FCBE81A02965CBF200DE47BF /* Main.storyboard in Resources */,
			);
			runOnlyForDeploymentPostprocessing = 0;
		};
/* End PBXResourcesBuildPhase section */

/* Begin PBXSourcesBuildPhase section */
		FCBE81912965CBF200DE47BF /* Sources */ = {
			isa = PBXSourcesBuildPhase;
			buildActionMask = 2147483647;
			files = (
				FCBE819D2965CBF200DE47BF /* ViewController.swift in Sources */,
				FCBE81992965CBF200DE47BF /* AppDelegate.swift in Sources */,
				FCBE819B2965CBF200DE47BF /* SceneDelegate.swift in Sources */,
			);
			runOnlyForDeploymentPostprocessing = 0;
		};
/* End PBXSourcesBuildPhase section */

/* Begin PBXVariantGroup section */
		FCBE819E2965CBF200DE47BF /* Main.storyboard */ = {
			isa = PBXVariantGroup;
			children = (
				FCBE819F2965CBF200DE47BF /* Base */,
			);
			name = Main.storyboard;
			sourceTree = "<group>";
		};
		FCBE81A32965CBF400DE47BF /* LaunchScreen.storyboard */ = {
			isa = PBXVariantGroup;
			children = (
				FCBE81A42965CBF400DE47BF /* Base */,
			);
			name = LaunchScreen.storyboard;
			sourceTree = "<group>";
		};
/* End PBXVariantGroup section */

/* Begin XCBuildConfiguration section */
		FCBE81A72965CBF400DE47BF /* Debug */ = {
			isa = XCBuildConfiguration;
			buildSettings = {
				ALWAYS_SEARCH_USER_PATHS = NO;
				CLANG_ANALYZER_NONNULL = YES;
				CLANG_ANALYZER_NUMBER_OBJECT_CONVERSION = YES_AGGRESSIVE;
				CLANG_CXX_LANGUAGE_STANDARD = "gnu++20";
				CLANG_ENABLE_MODULES = YES;
				CLANG_ENABLE_OBJC_ARC = YES;
				CLANG_ENABLE_OBJC_WEAK = YES;
				CLANG_WARN_BLOCK_CAPTURE_AUTORELEASING = YES;
				CLANG_WARN_BOOL_CONVERSION = YES;
				CLANG_WARN_COMMA = YES;
				CLANG_WARN_CONSTANT_CONVERSION = YES;
				CLANG_WARN_DEPRECATED_OBJC_IMPLEMENTATIONS = YES;
				CLANG_WARN_DIRECT_OBJC_ISA_USAGE = YES_ERROR;
				CLANG_WARN_DOCUMENTATION_COMMENTS = YES;
				CLANG_WARN_EMPTY_BODY = YES;
				CLANG_WARN_ENUM_CONVERSION = YES;
				CLANG_WARN_INFINITE_RECURSION = YES;
				CLANG_WARN_INT_CONVERSION = YES;
				CLANG_WARN_NON_LITERAL_NULL_CONVERSION = YES;
				CLANG_WARN_OBJC_IMPLICIT_RETAIN_SELF = YES;
				CLANG_WARN_OBJC_LITERAL_CONVERSION = YES;
				CLANG_WARN_OBJC_ROOT_CLASS = YES_ERROR;
				CLANG_WARN_QUOTED_INCLUDE_IN_FRAMEWORK_HEADER = YES;
				CLANG_WARN_RANGE_LOOP_ANALYSIS = YES;
				CLANG_WARN_STRICT_PROTOTYPES = YES;
				CLANG_WARN_SUSPICIOUS_MOVE = YES;
				CLANG_WARN_UNGUARDED_AVAILABILITY = YES_AGGRESSIVE;
				CLANG_WARN_UNREACHABLE_CODE = YES;
				CLANG_WARN__DUPLICATE_METHOD_MATCH = YES;
				COPY_PHASE_STRIP = NO;
				DEBUG_INFORMATION_FORMAT = dwarf;
				ENABLE_STRICT_OBJC_MSGSEND = YES;
				ENABLE_TESTABILITY = YES;
				GCC_C_LANGUAGE_STANDARD = gnu11;
				GCC_DYNAMIC_NO_PIC = NO;
				GCC_NO_COMMON_BLOCKS = YES;
				GCC_OPTIMIZATION_LEVEL = 0;
				GCC_PREPROCESSOR_DEFINITIONS = (
					"DEBUG=1",
					"$(inherited)",
				);
				GCC_WARN_64_TO_32_BIT_CONVERSION = YES;
				GCC_WARN_ABOUT_RETURN_TYPE = YES_ERROR;
				GCC_WARN_UNDECLARED_SELECTOR = YES;
				GCC_WARN_UNINITIALIZED_AUTOS = YES_AGGRESSIVE;
				GCC_WARN_UNUSED_FUNCTION = YES;
				GCC_WARN_UNUSED_VARIABLE = YES;
				IPHONEOS_DEPLOYMENT_TARGET = 16.1;
				MTL_ENABLE_DEBUG_INFO = INCLUDE_SOURCE;
				MTL_FAST_MATH = YES;
				ONLY_ACTIVE_ARCH = YES;
				SDKROOT = iphoneos;
				SWIFT_ACTIVE_COMPILATION_CONDITIONS = DEBUG;
				SWIFT_OPTIMIZATION_LEVEL = "-Onone";
			};
			name = Debug;
		};
		FCBE81A82965CBF400DE47BF /* Release */ = {
			isa = XCBuildConfiguration;
			buildSettings = {
				ALWAYS_SEARCH_USER_PATHS = NO;
				CLANG_ANALYZER_NONNULL = YES;
				CLANG_ANALYZER_NUMBER_OBJECT_CONVERSION = YES_AGGRESSIVE;
				CLANG_CXX_LANGUAGE_STANDARD = "gnu++20";
				CLANG_ENABLE_MODULES = YES;
				CLANG_ENABLE_OBJC_ARC = YES;
				CLANG_ENABLE_OBJC_WEAK = YES;
				CLANG_WARN_BLOCK_CAPTURE_AUTORELEASING = YES;
				CLANG_WARN_BOOL_CONVERSION = YES;
				CLANG_WARN_COMMA = YES;
				CLANG_WARN_CONSTANT_CONVERSION = YES;
				CLANG_WARN_DEPRECATED_OBJC_IMPLEMENTATIONS = YES;
				CLANG_WARN_DIRECT_OBJC_ISA_USAGE = YES_ERROR;
				CLANG_WARN_DOCUMENTATION_COMMENTS = YES;
				CLANG_WARN_EMPTY_BODY = YES;
				CLANG_WARN_ENUM_CONVERSION = YES;
				CLANG_WARN_INFINITE_RECURSION = YES;
				CLANG_WARN_INT_CONVERSION = YES;
				CLANG_WARN_NON_LITERAL_NULL_CONVERSION = YES;
				CLANG_WARN_OBJC_IMPLICIT_RETAIN_SELF = YES;
				CLANG_WARN_OBJC_LITERAL_CONVERSION = YES;
				CLANG_WARN_OBJC_ROOT_CLASS = YES_ERROR;
				CLANG_WARN_QUOTED_INCLUDE_IN_FRAMEWORK_HEADER = YES;
				CLANG_WARN_RANGE_LOOP_ANALYSIS = YES;
				CLANG_WARN_STRICT_PROTOTYPES = YES;
				CLANG_WARN_SUSPICIOUS_MOVE = YES;
				CLANG_WARN_UNGUARDED_AVAILABILITY = YES_AGGRESSIVE;
				CLANG_WARN_UNREACHABLE_CODE = YES;
				CLANG_WARN__DUPLICATE_METHOD_MATCH = YES;
				COPY_PHASE_STRIP = NO;
				DEBUG_INFORMATION_FORMAT = "dwarf-with-dsym";
				ENABLE_NS_ASSERTIONS = NO;
				ENABLE_STRICT_OBJC_MSGSEND = YES;
				GCC_C_LANGUAGE_STANDARD = gnu11;
				GCC_NO_COMMON_BLOCKS = YES;
				GCC_WARN_64_TO_32_BIT_CONVERSION = YES;
				GCC_WARN_ABOUT_RETURN_TYPE = YES_ERROR;
				GCC_WARN_UNDECLARED_SELECTOR = YES;
				GCC_WARN_UNINITIALIZED_AUTOS = YES_AGGRESSIVE;
				GCC_WARN_UNUSED_FUNCTION = YES;
				GCC_WARN_UNUSED_VARIABLE = YES;
				IPHONEOS_DEPLOYMENT_TARGET = 16.1;
				MTL_ENABLE_DEBUG_INFO = NO;
				MTL_FAST_MATH = YES;
				SDKROOT = iphoneos;
				SWIFT_COMPILATION_MODE = wholemodule;
				SWIFT_OPTIMIZATION_LEVEL = "-O";
				VALIDATE_PRODUCT = YES;
			};
			name = Release;
		};
		FCBE81AA2965CBF400DE47BF /* Debug */ = {
			isa = XCBuildConfiguration;
			buildSettings = {
				ASSETCATALOG_COMPILER_APPICON_NAME = AppIcon;
				ASSETCATALOG_COMPILER_GLOBAL_ACCENT_COLOR_NAME = AccentColor;
				CODE_SIGN_STYLE = Automatic;
				CURRENT_PROJECT_VERSION = 1;
				DEVELOPMENT_TEAM = G8PSARF645;
				GENERATE_INFOPLIST_FILE = YES;
				INFOPLIST_FILE = ejercicio3Clase10/Info.plist;
				INFOPLIST_KEY_UIApplicationSupportsIndirectInputEvents = YES;
				INFOPLIST_KEY_UILaunchStoryboardName = LaunchScreen;
				INFOPLIST_KEY_UIMainStoryboardFile = Main;
				INFOPLIST_KEY_UISupportedInterfaceOrientations_iPad = "UIInterfaceOrientationPortrait UIInterfaceOrientationPortraitUpsideDown UIInterfaceOrientationLandscapeLeft UIInterfaceOrientationLandscapeRight";
				INFOPLIST_KEY_UISupportedInterfaceOrientations_iPhone = "UIInterfaceOrientationPortrait UIInterfaceOrientationLandscapeLeft UIInterfaceOrientationLandscapeRight";
				LD_RUNPATH_SEARCH_PATHS = (
					"$(inherited)",
					"@executable_path/Frameworks",
				);
				MARKETING_VERSION = 1.0;
				PRODUCT_BUNDLE_IDENTIFIER = com.ortiz.ejercicio3Clase10;
				PRODUCT_NAME = "$(TARGET_NAME)";
				SWIFT_EMIT_LOC_STRINGS = YES;
				SWIFT_VERSION = 5.0;
				TARGETED_DEVICE_FAMILY = "1,2";
			};
			name = Debug;
		};
		FCBE81AB2965CBF400DE47BF /* Release */ = {
			isa = XCBuildConfiguration;
			buildSettings = {
				ASSETCATALOG_COMPILER_APPICON_NAME = AppIcon;
				ASSETCATALOG_COMPILER_GLOBAL_ACCENT_COLOR_NAME = AccentColor;
				CODE_SIGN_STYLE = Automatic;
				CURRENT_PROJECT_VERSION = 1;
				DEVELOPMENT_TEAM = G8PSARF645;
				GENERATE_INFOPLIST_FILE = YES;
				INFOPLIST_FILE = ejercicio3Clase10/Info.plist;
				INFOPLIST_KEY_UIApplicationSupportsIndirectInputEvents = YES;
				INFOPLIST_KEY_UILaunchStoryboardName = LaunchScreen;
				INFOPLIST_KEY_UIMainStoryboardFile = Main;
				INFOPLIST_KEY_UISupportedInterfaceOrientations_iPad = "UIInterfaceOrientationPortrait UIInterfaceOrientationPortraitUpsideDown UIInterfaceOrientationLandscapeLeft UIInterfaceOrientationLandscapeRight";
				INFOPLIST_KEY_UISupportedInterfaceOrientations_iPhone = "UIInterfaceOrientationPortrait UIInterfaceOrientationLandscapeLeft UIInterfaceOrientationLandscapeRight";
				LD_RUNPATH_SEARCH_PATHS = (
					"$(inherited)",
					"@executable_path/Frameworks",
				);
				MARKETING_VERSION = 1.0;
				PRODUCT_BUNDLE_IDENTIFIER = com.ortiz.ejercicio3Clase10;
				PRODUCT_NAME = "$(TARGET_NAME)";
				SWIFT_EMIT_LOC_STRINGS = YES;
				SWIFT_VERSION = 5.0;
				TARGETED_DEVICE_FAMILY = "1,2";
			};
			name = Release;
		};
/* End XCBuildConfiguration section */

/* Begin XCConfigurationList section */
		FCBE81902965CBF200DE47BF /* Build configuration list for PBXProject "ejercicio3Clase10" */ = {
			isa = XCConfigurationList;
			buildConfigurations = (
				FCBE81A72965CBF400DE47BF /* Debug */,
				FCBE81A82965CBF400DE47BF /* Release */,
			);
			defaultConfigurationIsVisible = 0;
			defaultConfigurationName = Release;
		};
		FCBE81A92965CBF400DE47BF /* Build configuration list for PBXNativeTarget "ejercicio3Clase10" */ = {
			isa = XCConfigurationList;
			buildConfigurations = (
				FCBE81AA2965CBF400DE47BF /* Debug */,
				FCBE81AB2965CBF400DE47BF /* Release */,
			);
			defaultConfigurationIsVisible = 0;
			defaultConfigurationName = Release;
		};
/* End XCConfigurationList section */
	};
	rootObject = FCBE818D2965CBF200DE47BF /* Project object */;
}
