// !$*UTF8*$!
{
	archiveVersion = 1;
	classes = {
	};
	objectVersion = 56;
	objects = {

/* Begin PBXBuildFile section */
		FCCD26F92964C0CF00631222 /* AppDelegate.swift in Sources */ = {isa = PBXBuildFile; fileRef = FCCD26F82964C0CF00631222 /* AppDelegate.swift */; };
		FCCD26FB2964C0CF00631222 /* SceneDelegate.swift in Sources */ = {isa = PBXBuildFile; fileRef = FCCD26FA2964C0CF00631222 /* SceneDelegate.swift */; };
		FCCD26FD2964C0CF00631222 /* ConfiguracionViewController.swift in Sources */ = {isa = PBXBuildFile; fileRef = FCCD26FC2964C0CF00631222 /* ConfiguracionViewController.swift */; };
		FCCD27002964C0CF00631222 /* Main.storyboard in Resources */ = {isa = PBXBuildFile; fileRef = FCCD26FE2964C0CF00631222 /* Main.storyboard */; };
		FCCD27022964C0D100631222 /* Assets.xcassets in Resources */ = {isa = PBXBuildFile; fileRef = FCCD27012964C0D100631222 /* Assets.xcassets */; };
		FCCD27052964C0D100631222 /* LaunchScreen.storyboard in Resources */ = {isa = PBXBuildFile; fileRef = FCCD27032964C0D100631222 /* LaunchScreen.storyboard */; };
		FCCD270D2964C12800631222 /* TemporizadorViewController.swift in Sources */ = {isa = PBXBuildFile; fileRef = FCCD270C2964C12800631222 /* TemporizadorViewController.swift */; };
		FCCD270F2964D26900631222 /* sonidoSuperMario.mp3 in Resources */ = {isa = PBXBuildFile; fileRef = FCCD270E2964D26900631222 /* sonidoSuperMario.mp3 */; };
/* End PBXBuildFile section */

/* Begin PBXFileReference section */
		FCCD26F52964C0CF00631222 /* tareaClase10Curso.app */ = {isa = PBXFileReference; explicitFileType = wrapper.application; includeInIndex = 0; path = tareaClase10Curso.app; sourceTree = BUILT_PRODUCTS_DIR; };
		FCCD26F82964C0CF00631222 /* AppDelegate.swift */ = {isa = PBXFileReference; lastKnownFileType = sourcecode.swift; path = AppDelegate.swift; sourceTree = "<group>"; };
		FCCD26FA2964C0CF00631222 /* SceneDelegate.swift */ = {isa = PBXFileReference; lastKnownFileType = sourcecode.swift; path = SceneDelegate.swift; sourceTree = "<group>"; };
		FCCD26FC2964C0CF00631222 /* ConfiguracionViewController.swift */ = {isa = PBXFileReference; lastKnownFileType = sourcecode.swift; path = ConfiguracionViewController.swift; sourceTree = "<group>"; };
		FCCD26FF2964C0CF00631222 /* Base */ = {isa = PBXFileReference; lastKnownFileType = file.storyboard; name = Base; path = Base.lproj/Main.storyboard; sourceTree = "<group>"; };
		FCCD27012964C0D100631222 /* Assets.xcassets */ = {isa = PBXFileReference; lastKnownFileType = folder.assetcatalog; path = Assets.xcassets; sourceTree = "<group>"; };
		FCCD27042964C0D100631222 /* Base */ = {isa = PBXFileReference; lastKnownFileType = file.storyboard; name = Base; path = Base.lproj/LaunchScreen.storyboard; sourceTree = "<group>"; };
		FCCD27062964C0D100631222 /* Info.plist */ = {isa = PBXFileReference; lastKnownFileType = text.plist.xml; path = Info.plist; sourceTree = "<group>"; };
		FCCD270C2964C12800631222 /* TemporizadorViewController.swift */ = {isa = PBXFileReference; lastKnownFileType = sourcecode.swift; path = TemporizadorViewController.swift; sourceTree = "<group>"; };
		FCCD270E2964D26900631222 /* sonidoSuperMario.mp3 */ = {isa = PBXFileReference; lastKnownFileType = audio.mp3; path = sonidoSuperMario.mp3; sourceTree = "<group>"; };
/* End PBXFileReference section */

/* Begin PBXFrameworksBuildPhase section */
		FCCD26F22964C0CF00631222 /* Frameworks */ = {
			isa = PBXFrameworksBuildPhase;
			buildActionMask = 2147483647;
			files = (
			);
			runOnlyForDeploymentPostprocessing = 0;
		};
/* End PBXFrameworksBuildPhase section */

/* Begin PBXGroup section */
		FC232F362975B0CF00643976 /* Configuracion */ = {
			isa = PBXGroup;
			children = (
				FCCD26FC2964C0CF00631222 /* ConfiguracionViewController.swift */,
			);
			path = Configuracion;
			sourceTree = "<group>";
		};
		FC232F372975B0F500643976 /* Temporizador */ = {
			isa = PBXGroup;
			children = (
				FCCD270C2964C12800631222 /* TemporizadorViewController.swift */,
			);
			path = Temporizador;
			sourceTree = "<group>";
		};
		FCCD26EC2964C0CF00631222 = {
			isa = PBXGroup;
			children = (
				FCCD26F72964C0CF00631222 /* tareaClase10Curso */,
				FCCD26F62964C0CF00631222 /* Products */,
			);
			sourceTree = "<group>";
		};
		FCCD26F62964C0CF00631222 /* Products */ = {
			isa = PBXGroup;
			children = (
				FCCD26F52964C0CF00631222 /* tareaClase10Curso.app */,
			);
			name = Products;
			sourceTree = "<group>";
		};
		FCCD26F72964C0CF00631222 /* tareaClase10Curso */ = {
			isa = PBXGroup;
			children = (
				FC232F372975B0F500643976 /* Temporizador */,
				FC232F362975B0CF00643976 /* Configuracion */,
				FCCD26F82964C0CF00631222 /* AppDelegate.swift */,
				FCCD26FA2964C0CF00631222 /* SceneDelegate.swift */,
				FCCD26FE2964C0CF00631222 /* Main.storyboard */,
				FCCD27012964C0D100631222 /* Assets.xcassets */,
				FCCD270E2964D26900631222 /* sonidoSuperMario.mp3 */,
				FCCD27032964C0D100631222 /* LaunchScreen.storyboard */,
				FCCD27062964C0D100631222 /* Info.plist */,
			);
			path = tareaClase10Curso;
			sourceTree = "<group>";
		};
/* End PBXGroup section */

/* Begin PBXNativeTarget section */
		FCCD26F42964C0CF00631222 /* tareaClase10Curso */ = {
			isa = PBXNativeTarget;
			buildConfigurationList = FCCD27092964C0D100631222 /* Build configuration list for PBXNativeTarget "tareaClase10Curso" */;
			buildPhases = (
				FCCD26F12964C0CF00631222 /* Sources */,
				FCCD26F22964C0CF00631222 /* Frameworks */,
				FCCD26F32964C0CF00631222 /* Resources */,
			);
			buildRules = (
			);
			dependencies = (
			);
			name = tareaClase10Curso;
			productName = tareaClase10Curso;
			productReference = FCCD26F52964C0CF00631222 /* tareaClase10Curso.app */;
			productType = "com.apple.product-type.application";
		};
/* End PBXNativeTarget section */

/* Begin PBXProject section */
		FCCD26ED2964C0CF00631222 /* Project object */ = {
			isa = PBXProject;
			attributes = {
				BuildIndependentTargetsInParallel = 1;
				LastSwiftUpdateCheck = 1410;
				LastUpgradeCheck = 1410;
				TargetAttributes = {
					FCCD26F42964C0CF00631222 = {
						CreatedOnToolsVersion = 14.1;
					};
				};
			};
			buildConfigurationList = FCCD26F02964C0CF00631222 /* Build configuration list for PBXProject "tareaClase10Curso" */;
			compatibilityVersion = "Xcode 14.0";
			developmentRegion = en;
			hasScannedForEncodings = 0;
			knownRegions = (
				en,
				Base,
			);
			mainGroup = FCCD26EC2964C0CF00631222;
			productRefGroup = FCCD26F62964C0CF00631222 /* Products */;
			projectDirPath = "";
			projectRoot = "";
			targets = (
				FCCD26F42964C0CF00631222 /* tareaClase10Curso */,
			);
		};
/* End PBXProject section */

/* Begin PBXResourcesBuildPhase section */
		FCCD26F32964C0CF00631222 /* Resources */ = {
			isa = PBXResourcesBuildPhase;
			buildActionMask = 2147483647;
			files = (
				FCCD27052964C0D100631222 /* LaunchScreen.storyboard in Resources */,
				FCCD270F2964D26900631222 /* sonidoSuperMario.mp3 in Resources */,
				FCCD27022964C0D100631222 /* Assets.xcassets in Resources */,
				FCCD27002964C0CF00631222 /* Main.storyboard in Resources */,
			);
			runOnlyForDeploymentPostprocessing = 0;
		};
/* End PBXResourcesBuildPhase section */

/* Begin PBXSourcesBuildPhase section */
		FCCD26F12964C0CF00631222 /* Sources */ = {
			isa = PBXSourcesBuildPhase;
			buildActionMask = 2147483647;
			files = (
				FCCD270D2964C12800631222 /* TemporizadorViewController.swift in Sources */,
				FCCD26FD2964C0CF00631222 /* ConfiguracionViewController.swift in Sources */,
				FCCD26F92964C0CF00631222 /* AppDelegate.swift in Sources */,
				FCCD26FB2964C0CF00631222 /* SceneDelegate.swift in Sources */,
			);
			runOnlyForDeploymentPostprocessing = 0;
		};
/* End PBXSourcesBuildPhase section */

/* Begin PBXVariantGroup section */
		FCCD26FE2964C0CF00631222 /* Main.storyboard */ = {
			isa = PBXVariantGroup;
			children = (
				FCCD26FF2964C0CF00631222 /* Base */,
			);
			name = Main.storyboard;
			sourceTree = "<group>";
		};
		FCCD27032964C0D100631222 /* LaunchScreen.storyboard */ = {
			isa = PBXVariantGroup;
			children = (
				FCCD27042964C0D100631222 /* Base */,
			);
			name = LaunchScreen.storyboard;
			sourceTree = "<group>";
		};
/* End PBXVariantGroup section */

/* Begin XCBuildConfiguration section */
		FCCD27072964C0D100631222 /* Debug */ = {
			isa = XCBuildConfiguration;
			buildSettings = {
				ALWAYS_SEARCH_USER_PATHS = NO;
				CLANG_ANALYZER_NONNULL = YES;
				CLANG_ANALYZER_NUMBER_OBJECT_CONVERSION = YES_AGGRESSIVE;
				CLANG_CXX_LANGUAGE_STANDARD = "gnu++20";
				CLANG_ENABLE_MODULES = YES;
				CLANG_ENABLE_OBJC_ARC = YES;
				CLANG_ENABLE_OBJC_WEAK = YES;
				CLANG_WARN_BLOCK_CAPTURE_AUTORELEASING = YES;
				CLANG_WARN_BOOL_CONVERSION = YES;
				CLANG_WARN_COMMA = YES;
				CLANG_WARN_CONSTANT_CONVERSION = YES;
				CLANG_WARN_DEPRECATED_OBJC_IMPLEMENTATIONS = YES;
				CLANG_WARN_DIRECT_OBJC_ISA_USAGE = YES_ERROR;
				CLANG_WARN_DOCUMENTATION_COMMENTS = YES;
				CLANG_WARN_EMPTY_BODY = YES;
				CLANG_WARN_ENUM_CONVERSION = YES;
				CLANG_WARN_INFINITE_RECURSION = YES;
				CLANG_WARN_INT_CONVERSION = YES;
				CLANG_WARN_NON_LITERAL_NULL_CONVERSION = YES;
				CLANG_WARN_OBJC_IMPLICIT_RETAIN_SELF = YES;
				CLANG_WARN_OBJC_LITERAL_CONVERSION = YES;
				CLANG_WARN_OBJC_ROOT_CLASS = YES_ERROR;
				CLANG_WARN_QUOTED_INCLUDE_IN_FRAMEWORK_HEADER = YES;
				CLANG_WARN_RANGE_LOOP_ANALYSIS = YES;
				CLANG_WARN_STRICT_PROTOTYPES = YES;
				CLANG_WARN_SUSPICIOUS_MOVE = YES;
				CLANG_WARN_UNGUARDED_AVAILABILITY = YES_AGGRESSIVE;
				CLANG_WARN_UNREACHABLE_CODE = YES;
				CLANG_WARN__DUPLICATE_METHOD_MATCH = YES;
				COPY_PHASE_STRIP = NO;
				DEBUG_INFORMATION_FORMAT = dwarf;
				ENABLE_STRICT_OBJC_MSGSEND = YES;
				ENABLE_TESTABILITY = YES;
				GCC_C_LANGUAGE_STANDARD = gnu11;
				GCC_DYNAMIC_NO_PIC = NO;
				GCC_NO_COMMON_BLOCKS = YES;
				GCC_OPTIMIZATION_LEVEL = 0;
				GCC_PREPROCESSOR_DEFINITIONS = (
					"DEBUG=1",
					"$(inherited)",
				);
				GCC_WARN_64_TO_32_BIT_CONVERSION = YES;
				GCC_WARN_ABOUT_RETURN_TYPE = YES_ERROR;
				GCC_WARN_UNDECLARED_SELECTOR = YES;
				GCC_WARN_UNINITIALIZED_AUTOS = YES_AGGRESSIVE;
				GCC_WARN_UNUSED_FUNCTION = YES;
				GCC_WARN_UNUSED_VARIABLE = YES;
				IPHONEOS_DEPLOYMENT_TARGET = 16.1;
				MTL_ENABLE_DEBUG_INFO = INCLUDE_SOURCE;
				MTL_FAST_MATH = YES;
				ONLY_ACTIVE_ARCH = YES;
				SDKROOT = iphoneos;
				SWIFT_ACTIVE_COMPILATION_CONDITIONS = DEBUG;
				SWIFT_OPTIMIZATION_LEVEL = "-Onone";
			};
			name = Debug;
		};
		FCCD27082964C0D100631222 /* Release */ = {
			isa = XCBuildConfiguration;
			buildSettings = {
				ALWAYS_SEARCH_USER_PATHS = NO;
				CLANG_ANALYZER_NONNULL = YES;
				CLANG_ANALYZER_NUMBER_OBJECT_CONVERSION = YES_AGGRESSIVE;
				CLANG_CXX_LANGUAGE_STANDARD = "gnu++20";
				CLANG_ENABLE_MODULES = YES;
				CLANG_ENABLE_OBJC_ARC = YES;
				CLANG_ENABLE_OBJC_WEAK = YES;
				CLANG_WARN_BLOCK_CAPTURE_AUTORELEASING = YES;
				CLANG_WARN_BOOL_CONVERSION = YES;
				CLANG_WARN_COMMA = YES;
				CLANG_WARN_CONSTANT_CONVERSION = YES;
				CLANG_WARN_DEPRECATED_OBJC_IMPLEMENTATIONS = YES;
				CLANG_WARN_DIRECT_OBJC_ISA_USAGE = YES_ERROR;
				CLANG_WARN_DOCUMENTATION_COMMENTS = YES;
				CLANG_WARN_EMPTY_BODY = YES;
				CLANG_WARN_ENUM_CONVERSION = YES;
				CLANG_WARN_INFINITE_RECURSION = YES;
				CLANG_WARN_INT_CONVERSION = YES;
				CLANG_WARN_NON_LITERAL_NULL_CONVERSION = YES;
				CLANG_WARN_OBJC_IMPLICIT_RETAIN_SELF = YES;
				CLANG_WARN_OBJC_LITERAL_CONVERSION = YES;
				CLANG_WARN_OBJC_ROOT_CLASS = YES_ERROR;
				CLANG_WARN_QUOTED_INCLUDE_IN_FRAMEWORK_HEADER = YES;
				CLANG_WARN_RANGE_LOOP_ANALYSIS = YES;
				CLANG_WARN_STRICT_PROTOTYPES = YES;
				CLANG_WARN_SUSPICIOUS_MOVE = YES;
				CLANG_WARN_UNGUARDED_AVAILABILITY = YES_AGGRESSIVE;
				CLANG_WARN_UNREACHABLE_CODE = YES;
				CLANG_WARN__DUPLICATE_METHOD_MATCH = YES;
				COPY_PHASE_STRIP = NO;
				DEBUG_INFORMATION_FORMAT = "dwarf-with-dsym";
				ENABLE_NS_ASSERTIONS = NO;
				ENABLE_STRICT_OBJC_MSGSEND = YES;
				GCC_C_LANGUAGE_STANDARD = gnu11;
				GCC_NO_COMMON_BLOCKS = YES;
				GCC_WARN_64_TO_32_BIT_CONVERSION = YES;
				GCC_WARN_ABOUT_RETURN_TYPE = YES_ERROR;
				GCC_WARN_UNDECLARED_SELECTOR = YES;
				GCC_WARN_UNINITIALIZED_AUTOS = YES_AGGRESSIVE;
				GCC_WARN_UNUSED_FUNCTION = YES;
				GCC_WARN_UNUSED_VARIABLE = YES;
				IPHONEOS_DEPLOYMENT_TARGET = 16.1;
				MTL_ENABLE_DEBUG_INFO = NO;
				MTL_FAST_MATH = YES;
				SDKROOT = iphoneos;
				SWIFT_COMPILATION_MODE = wholemodule;
				SWIFT_OPTIMIZATION_LEVEL = "-O";
				VALIDATE_PRODUCT = YES;
			};
			name = Release;
		};
		FCCD270A2964C0D100631222 /* Debug */ = {
			isa = XCBuildConfiguration;
			buildSettings = {
				ASSETCATALOG_COMPILER_APPICON_NAME = AppIcon;
				ASSETCATALOG_COMPILER_GLOBAL_ACCENT_COLOR_NAME = AccentColor;
				CODE_SIGN_STYLE = Automatic;
				CURRENT_PROJECT_VERSION = 1;
				DEVELOPMENT_TEAM = G8PSARF645;
				GENERATE_INFOPLIST_FILE = YES;
				INFOPLIST_FILE = tareaClase10Curso/Info.plist;
				INFOPLIST_KEY_UIApplicationSupportsIndirectInputEvents = YES;
				INFOPLIST_KEY_UILaunchStoryboardName = LaunchScreen;
				INFOPLIST_KEY_UIMainStoryboardFile = Main;
				INFOPLIST_KEY_UISupportedInterfaceOrientations_iPad = "UIInterfaceOrientationPortrait UIInterfaceOrientationPortraitUpsideDown UIInterfaceOrientationLandscapeLeft UIInterfaceOrientationLandscapeRight";
				INFOPLIST_KEY_UISupportedInterfaceOrientations_iPhone = "UIInterfaceOrientationPortrait UIInterfaceOrientationLandscapeLeft UIInterfaceOrientationLandscapeRight";
				LD_RUNPATH_SEARCH_PATHS = (
					"$(inherited)",
					"@executable_path/Frameworks",
				);
				MARKETING_VERSION = 1.0;
				PRODUCT_BUNDLE_IDENTIFIER = com.ortiz.tareaClase10Curso;
				PRODUCT_NAME = "$(TARGET_NAME)";
				SWIFT_EMIT_LOC_STRINGS = YES;
				SWIFT_VERSION = 5.0;
				TARGETED_DEVICE_FAMILY = "1,2";
			};
			name = Debug;
		};
		FCCD270B2964C0D100631222 /* Release */ = {
			isa = XCBuildConfiguration;
			buildSettings = {
				ASSETCATALOG_COMPILER_APPICON_NAME = AppIcon;
				ASSETCATALOG_COMPILER_GLOBAL_ACCENT_COLOR_NAME = AccentColor;
				CODE_SIGN_STYLE = Automatic;
				CURRENT_PROJECT_VERSION = 1;
				DEVELOPMENT_TEAM = G8PSARF645;
				GENERATE_INFOPLIST_FILE = YES;
				INFOPLIST_FILE = tareaClase10Curso/Info.plist;
				INFOPLIST_KEY_UIApplicationSupportsIndirectInputEvents = YES;
				INFOPLIST_KEY_UILaunchStoryboardName = LaunchScreen;
				INFOPLIST_KEY_UIMainStoryboardFile = Main;
				INFOPLIST_KEY_UISupportedInterfaceOrientations_iPad = "UIInterfaceOrientationPortrait UIInterfaceOrientationPortraitUpsideDown UIInterfaceOrientationLandscapeLeft UIInterfaceOrientationLandscapeRight";
				INFOPLIST_KEY_UISupportedInterfaceOrientations_iPhone = "UIInterfaceOrientationPortrait UIInterfaceOrientationLandscapeLeft UIInterfaceOrientationLandscapeRight";
				LD_RUNPATH_SEARCH_PATHS = (
					"$(inherited)",
					"@executable_path/Frameworks",
				);
				MARKETING_VERSION = 1.0;
				PRODUCT_BUNDLE_IDENTIFIER = com.ortiz.tareaClase10Curso;
				PRODUCT_NAME = "$(TARGET_NAME)";
				SWIFT_EMIT_LOC_STRINGS = YES;
				SWIFT_VERSION = 5.0;
				TARGETED_DEVICE_FAMILY = "1,2";
			};
			name = Release;
		};
/* End XCBuildConfiguration section */

/* Begin XCConfigurationList section */
		FCCD26F02964C0CF00631222 /* Build configuration list for PBXProject "tareaClase10Curso" */ = {
			isa = XCConfigurationList;
			buildConfigurations = (
				FCCD27072964C0D100631222 /* Debug */,
				FCCD27082964C0D100631222 /* Release */,
			);
			defaultConfigurationIsVisible = 0;
			defaultConfigurationName = Release;
		};
		FCCD27092964C0D100631222 /* Build configuration list for PBXNativeTarget "tareaClase10Curso" */ = {
			isa = XCConfigurationList;
			buildConfigurations = (
				FCCD270A2964C0D100631222 /* Debug */,
				FCCD270B2964C0D100631222 /* Release */,
			);
			defaultConfigurationIsVisible = 0;
			defaultConfigurationName = Release;
		};
/* End XCConfigurationList section */
	};
	rootObject = FCCD26ED2964C0CF00631222 /* Project object */;
}
